
Microsoft Visual Studio Solution File, Format Version 12.00
# Visual Studio Version 17
VisualStudioVersion = 17.14.35906.104 d17.14
MinimumVisualStudioVersion = 10.0.40219.1
Project("{FAE04EC0-301F-11D3-BF4B-00C04F79EFBC}") = "server", "server\server.csproj", "{70E76386-802D-4FE1-A631-AFE15C43D48A}"
EndProject
Global
	GlobalSection(SolutionConfigurationPlatforms) = preSolution
		Debug|Any CPU = Debug|Any CPU
		Release|Any CPU = Release|Any CPU
	EndGlobalSection
	GlobalSection(ProjectConfigurationPlatforms) = postSolution
		{70E76386-802D-4FE1-A631-AFE15C43D48A}.Debug|Any CPU.ActiveCfg = Debug|Any CPU
		{70E76386-802D-4FE1-A631-AFE15C43D48A}.Debug|Any CPU.Build.0 = Debug|Any CPU
		{70E76386-802D-4FE1-A631-AFE15C43D48A}.Release|Any CPU.ActiveCfg = Release|Any CPU
		{70E76386-802D-4FE1-A631-AFE15C43D48A}.Release|Any CPU.Build.0 = Release|Any CPU
	EndGlobalSection
	GlobalSection(SolutionProperties) = preSolution
		HideSolutionNode = FALSE
	EndGlobalSection
	GlobalSection(ExtensibilityGlobals) = postSolution
		SolutionGuid = {258F3374-AD97-4724-95FB-458B46C0C4DB}
	EndGlobalSection
EndGlobal
